
Microsoft Visual Studio Solution File, Format Version 12.00
Project("{FAE04EC0-301F-11D3-BF4B-00C04F79EFBC}") = "EasyNetDIServer", "EasyNetDIServer\EasyNetDIServer.csproj", "{14B08DF5-72E7-4104-A507-DF8F2BA1BB88}"
EndProject
Project("{FAE04EC0-301F-11D3-BF4B-00C04F79EFBC}") = "EasyNetQBus", "EasyNetQBus\EasyNetQBus.csproj", "{A37065F5-B4AB-49A8-9FCC-2FE4A174713F}"
EndProject
Project("{FAE04EC0-301F-11D3-BF4B-00C04F79EFBC}") = "Common", "Common\Common.csproj", "{ED0945FF-C2DF-4579-9EE0-9F2834D614B2}"
EndProject
Project("{FAE04EC0-301F-11D3-BF4B-00C04F79EFBC}") = "ProtobufMessages", "ProtobufMessages\ProtobufMessages.csproj", "{DE7C8572-7DDE-446F-83CD-D44C9EFAB1F1}"
EndProject
Global
	GlobalSection(SolutionConfigurationPlatforms) = preSolution
		Debug|Any CPU = Debug|Any CPU
		Release|Any CPU = Release|Any CPU
	EndGlobalSection
	GlobalSection(ProjectConfigurationPlatforms) = postSolution
		{14B08DF5-72E7-4104-A507-DF8F2BA1BB88}.Debug|Any CPU.ActiveCfg = Debug|Any CPU
		{14B08DF5-72E7-4104-A507-DF8F2BA1BB88}.Debug|Any CPU.Build.0 = Debug|Any CPU
		{14B08DF5-72E7-4104-A507-DF8F2BA1BB88}.Release|Any CPU.ActiveCfg = Release|Any CPU
		{14B08DF5-72E7-4104-A507-DF8F2BA1BB88}.Release|Any CPU.Build.0 = Release|Any CPU
		{A37065F5-B4AB-49A8-9FCC-2FE4A174713F}.Debug|Any CPU.ActiveCfg = Debug|Any CPU
		{A37065F5-B4AB-49A8-9FCC-2FE4A174713F}.Debug|Any CPU.Build.0 = Debug|Any CPU
		{A37065F5-B4AB-49A8-9FCC-2FE4A174713F}.Release|Any CPU.ActiveCfg = Release|Any CPU
		{A37065F5-B4AB-49A8-9FCC-2FE4A174713F}.Release|Any CPU.Build.0 = Release|Any CPU
		{ED0945FF-C2DF-4579-9EE0-9F2834D614B2}.Debug|Any CPU.ActiveCfg = Debug|Any CPU
		{ED0945FF-C2DF-4579-9EE0-9F2834D614B2}.Debug|Any CPU.Build.0 = Debug|Any CPU
		{ED0945FF-C2DF-4579-9EE0-9F2834D614B2}.Release|Any CPU.ActiveCfg = Release|Any CPU
		{ED0945FF-C2DF-4579-9EE0-9F2834D614B2}.Release|Any CPU.Build.0 = Release|Any CPU
		{DE7C8572-7DDE-446F-83CD-D44C9EFAB1F1}.Debug|Any CPU.ActiveCfg = Debug|Any CPU
		{DE7C8572-7DDE-446F-83CD-D44C9EFAB1F1}.Debug|Any CPU.Build.0 = Debug|Any CPU
		{DE7C8572-7DDE-446F-83CD-D44C9EFAB1F1}.Release|Any CPU.ActiveCfg = Release|Any CPU
		{DE7C8572-7DDE-446F-83CD-D44C9EFAB1F1}.Release|Any CPU.Build.0 = Release|Any CPU
	EndGlobalSection
EndGlobal
